
Microsoft Visual Studio Solution File, Format Version 12.00
# Visual Studio Version 17
VisualStudioVersion = 17.0.32112.339
MinimumVisualStudioVersion = 10.0.40219.1
Project("{FAE04EC0-301F-11D3-BF4B-00C04F79EFBC}") = "IndianStatesCensusAnalyser", "IndianStatesAnalyserProblems\IndianStatesCensusAnalyser.csproj", "{3A459139-A600-45C9-B8C1-9581A9780FBC}"
EndProject
Project("{FAE04EC0-301F-11D3-BF4B-00C04F79EFBC}") = "DTO", "DTO\DTO.csproj", "{EDB0FA04-C88F-4391-8E24-9B2780BD394C}"
EndProject
Global
	GlobalSection(SolutionConfigurationPlatforms) = preSolution
		Debug|Any CPU = Debug|Any CPU
		Release|Any CPU = Release|Any CPU
	EndGlobalSection
	GlobalSection(ProjectConfigurationPlatforms) = postSolution
		{3A459139-A600-45C9-B8C1-9581A9780FBC}.Debug|Any CPU.ActiveCfg = Debug|Any CPU
		{3A459139-A600-45C9-B8C1-9581A9780FBC}.Debug|Any CPU.Build.0 = Debug|Any CPU
		{3A459139-A600-45C9-B8C1-9581A9780FBC}.Release|Any CPU.ActiveCfg = Release|Any CPU
		{3A459139-A600-45C9-B8C1-9581A9780FBC}.Release|Any CPU.Build.0 = Release|Any CPU
		{EDB0FA04-C88F-4391-8E24-9B2780BD394C}.Debug|Any CPU.ActiveCfg = Debug|Any CPU
		{EDB0FA04-C88F-4391-8E24-9B2780BD394C}.Debug|Any CPU.Build.0 = Debug|Any CPU
		{EDB0FA04-C88F-4391-8E24-9B2780BD394C}.Release|Any CPU.ActiveCfg = Release|Any CPU
		{EDB0FA04-C88F-4391-8E24-9B2780BD394C}.Release|Any CPU.Build.0 = Release|Any CPU
	EndGlobalSection
	GlobalSection(SolutionProperties) = preSolution
		HideSolutionNode = FALSE
	EndGlobalSection
	GlobalSection(ExtensibilityGlobals) = postSolution
		SolutionGuid = {4ADD2773-8405-431C-ACF5-5332A9CA5D50}
	EndGlobalSection
EndGlobal
